// !$*UTF8*$!
{archiveVersion = 1; classes = {}; objectVersion = 56; objects = {
000000000000000000000306 = {isa = PBXFileReference; lastKnownFileType = text; path = "Resources/Sparkle-LICENSE.txt"; sourceTree = SOURCE_ROOT; };
000000000000000000000307 = {isa = PBXBuildFile; fileRef = 000000000000000000000306; };
000000000000000000000300 = {isa = PBXFileReference; lastKnownFileType = sourcecode.swift; path = "Sources/App/SoftwareUpdater.swift"; sourceTree = SOURCE_ROOT; };
000000000000000000000301 = {isa = PBXBuildFile; fileRef = 000000000000000000000300; };
000000000000000000000302 = {isa = PBXFileReference; lastKnownFileType = wrapper.framework; path = ".build/Sparkle/Sparkle.framework"; sourceTree = SOURCE_ROOT; };
000000000000000000000303 = {isa = PBXBuildFile; fileRef = 000000000000000000000302; };
000000000000000000000304 = {isa = PBXBuildFile; fileRef = 000000000000000000000302; settings = {ATTRIBUTES = (CodeSignOnCopy, RemoveHeadersOnCopy);}; };
000000000000000000000305 = {isa = PBXCopyFilesBuildPhase; buildActionMask = 2147483647; dstPath = ""; dstSubfolderSpec = 10; files = (000000000000000000000304); name = "Embed Frameworks"; runOnlyForDeploymentPostprocessing = 0; };

0000000000000000000001A4 = {isa = PBXFileReference; lastKnownFileType = sourcecode.swift; path = "Sources/Services/DisplayEvents.swift"; sourceTree = SOURCE_ROOT; };
000000000000000000000208 = {isa = PBXBuildFile; fileRef = 0000000000000000000001A4; };
0000000000000000000001A5 = {isa = PBXFileReference; lastKnownFileType = sourcecode.swift; path = "Sources/Services/MonitorScheduler.swift"; sourceTree = SOURCE_ROOT; };
000000000000000000000209 = {isa = PBXBuildFile; fileRef = 0000000000000000000001A5; };
000000000000000000000190 = {isa = PBXFileReference; lastKnownFileType = sourcecode.swift; path = "Sources/Core/MonitorLifecycle.swift"; sourceTree = SOURCE_ROOT; };
0000000000000000000001F4 = {isa = PBXBuildFile; fileRef = 000000000000000000000190; };
000000000000000000000191 = {isa = PBXFileReference; lastKnownFileType = sourcecode.swift; path = "Sources/Core/MonitorError.swift"; sourceTree = SOURCE_ROOT; };
0000000000000000000001F5 = {isa = PBXBuildFile; fileRef = 000000000000000000000191; };
000000000000000000000192 = {isa = PBXFileReference; lastKnownFileType = sourcecode.swift; path = "Sources/Services/DisplayReader.swift"; sourceTree = SOURCE_ROOT; };
0000000000000000000001F6 = {isa = PBXBuildFile; fileRef = 000000000000000000000192; };
000000000000000000000193 = {isa = PBXFileReference; lastKnownFileType = sourcecode.swift; path = "Sources/Services/EventLogger.swift"; sourceTree = SOURCE_ROOT; };
0000000000000000000001F7 = {isa = PBXBuildFile; fileRef = 000000000000000000000193; };
000000000000000000000195 = {isa = PBXFileReference; lastKnownFileType = sourcecode.swift; path = "Sources/Services/ProcessRunner.swift"; sourceTree = SOURCE_ROOT; };
0000000000000000000001F9 = {isa = PBXBuildFile; fileRef = 000000000000000000000195; };
000000000000000000000196 = {isa = PBXFileReference; lastKnownFileType = sourcecode.swift; path = "Sources/Services/StageManagerControl.swift"; sourceTree = SOURCE_ROOT; };
0000000000000000000001FA = {isa = PBXBuildFile; fileRef = 000000000000000000000196; };
000000000000000000000064 = {isa = PBXFileReference; lastKnownFileType = sourcecode.swift; path = "Sources/Core/ConnectionPolicy.swift"; sourceTree = SOURCE_ROOT; };
0000000000000000000000C8 = {isa = PBXBuildFile; fileRef = 000000000000000000000064; };
000000000000000000000065 = {isa = PBXFileReference; lastKnownFileType = sourcecode.swift; path = "Sources/App/Monitor.swift"; sourceTree = SOURCE_ROOT; };
0000000000000000000000C9 = {isa = PBXBuildFile; fileRef = 000000000000000000000065; };
000000000000000000000066 = {isa = PBXFileReference; lastKnownFileType = sourcecode.swift; path = "Sources/App/SettingsView.swift"; sourceTree = SOURCE_ROOT; };
0000000000000000000000CA = {isa = PBXBuildFile; fileRef = 000000000000000000000066; };
000000000000000000000067 = {isa = PBXFileReference; lastKnownFileType = sourcecode.swift; path = "Sources/App/StageByScreenApp.swift"; sourceTree = SOURCE_ROOT; };
0000000000000000000000CB = {isa = PBXBuildFile; fileRef = 000000000000000000000067; };
000000000000000000000001 = {isa = PBXProject; attributes = {LastUpgradeCheck = 1600;}; buildConfigurationList = 00000000000000000000000A; compatibilityVersion = "Xcode 14.0"; developmentRegion = zh_CN; knownRegions = (zh_CN,en,Base); mainGroup = 000000000000000000000002; productRefGroup = 000000000000000000000003; projectDirPath = ""; projectRoot = ""; targets = (000000000000000000000004); };
000000000000000000000002 = {isa = PBXGroup; children = (000000000000000000000306,000000000000000000000300,000000000000000000000302,0000000000000000000001A4,0000000000000000000001A5,000000000000000000000190,000000000000000000000191,000000000000000000000192,000000000000000000000193,000000000000000000000195,000000000000000000000196,000000000000000000000064,000000000000000000000065,000000000000000000000066,000000000000000000000067,000000000000000000000003); sourceTree = "<group>"; };
000000000000000000000003 = {isa = PBXGroup; children = (000000000000000000000005); name = Products; sourceTree = "<group>"; };
000000000000000000000005 = {isa = PBXFileReference; explicitFileType = wrapper.application; path = "台前随屏.app"; sourceTree = BUILT_PRODUCTS_DIR; };
000000000000000000000004 = {isa = PBXNativeTarget; buildConfigurationList = 00000000000000000000000B; buildPhases = (000000000000000000000006,000000000000000000000007,000000000000000000000008,000000000000000000000305); buildRules = (); dependencies = (); name = StageByScreen; productName = StageByScreen; productReference = 000000000000000000000005; productType = "com.apple.product-type.application"; };
000000000000000000000006 = {isa = PBXSourcesBuildPhase; buildActionMask = 2147483647; files = (000000000000000000000301,000000000000000000000208,000000000000000000000209,0000000000000000000001F4,0000000000000000000001F5,0000000000000000000001F6,0000000000000000000001F7,0000000000000000000001F9,0000000000000000000001FA,0000000000000000000000C8,0000000000000000000000C9,0000000000000000000000CA,0000000000000000000000CB); runOnlyForDeploymentPostprocessing = 0; };
000000000000000000000007 = {isa = PBXFrameworksBuildPhase; buildActionMask = 2147483647; files = (000000000000000000000303); runOnlyForDeploymentPostprocessing = 0; };
000000000000000000000008 = {isa = PBXResourcesBuildPhase; buildActionMask = 2147483647; files = (00000000000000000000012E,000000000000000000000307); runOnlyForDeploymentPostprocessing = 0; };
00000000000000000000012D = {isa = PBXFileReference; lastKnownFileType = image.icns; path = Resources/AppIcon.icns; sourceTree = SOURCE_ROOT; };
00000000000000000000012E = {isa = PBXBuildFile; fileRef = 00000000000000000000012D; };
00000000000000000000000A = {isa = XCConfigurationList; buildConfigurations = (000000000000000000000014,000000000000000000000015); defaultConfigurationIsVisible = 0; defaultConfigurationName = Release; };
00000000000000000000000B = {isa = XCConfigurationList; buildConfigurations = (000000000000000000000016,000000000000000000000017); defaultConfigurationIsVisible = 0; defaultConfigurationName = Release; };
000000000000000000000014 = {isa = XCBuildConfiguration; buildSettings = {SDKROOT = macosx; MACOSX_DEPLOYMENT_TARGET = 14.0; SWIFT_VERSION = 5.0; CLANG_ENABLE_MODULES = YES; SWIFT_OPTIMIZATION_LEVEL = "-Onone";}; name = Debug; };
000000000000000000000015 = {isa = XCBuildConfiguration; buildSettings = {SDKROOT = macosx; MACOSX_DEPLOYMENT_TARGET = 14.0; SWIFT_VERSION = 5.0; CLANG_ENABLE_MODULES = YES; SWIFT_OPTIMIZATION_LEVEL = "-O";}; name = Release; };
000000000000000000000016 = {isa = XCBuildConfiguration; buildSettings = {SDKROOT = macosx; MACOSX_DEPLOYMENT_TARGET = 14.0; SWIFT_VERSION = 5.0; CLANG_ENABLE_MODULES = YES; PRODUCT_NAME = "台前随屏"; EXECUTABLE_NAME = StageByScreen; PRODUCT_MODULE_NAME = StageByScreen; FRAMEWORK_SEARCH_PATHS = ("$(inherited)", "$(SRCROOT)/.build/Sparkle"); LD_RUNPATH_SEARCH_PATHS = ("$(inherited)", "@executable_path/../Frameworks"); PRODUCT_BUNDLE_IDENTIFIER = org.stagebyscreen.StageByScreen; INFOPLIST_FILE = Resources/Info.plist; CODE_SIGN_STYLE = Automatic; ENABLE_HARDENED_RUNTIME = YES; ENABLE_APP_SANDBOX = NO; COMBINE_HIDPI_IMAGES = YES; SWIFT_OPTIMIZATION_LEVEL = "-Onone";}; name = Debug; };
000000000000000000000017 = {isa = XCBuildConfiguration; buildSettings = {SDKROOT = macosx; MACOSX_DEPLOYMENT_TARGET = 14.0; SWIFT_VERSION = 5.0; CLANG_ENABLE_MODULES = YES; PRODUCT_NAME = "台前随屏"; EXECUTABLE_NAME = StageByScreen; PRODUCT_MODULE_NAME = StageByScreen; FRAMEWORK_SEARCH_PATHS = ("$(inherited)", "$(SRCROOT)/.build/Sparkle"); LD_RUNPATH_SEARCH_PATHS = ("$(inherited)", "@executable_path/../Frameworks"); PRODUCT_BUNDLE_IDENTIFIER = org.stagebyscreen.StageByScreen; INFOPLIST_FILE = Resources/Info.plist; CODE_SIGN_STYLE = Automatic; ENABLE_HARDENED_RUNTIME = YES; ENABLE_APP_SANDBOX = NO; COMBINE_HIDPI_IMAGES = YES; SWIFT_OPTIMIZATION_LEVEL = "-O";}; name = Release; };
}; rootObject = 000000000000000000000001; }
